
Microsoft Visual Studio Solution File, Format Version 12.00
# Visual Studio Version 17
VisualStudioVersion = 17.9.34622.214
MinimumVisualStudioVersion = 10.0.40219.1
Project("{C9674DCB-5085-4A16-B785-4C70DD1589BD}") = "DS_BI", "DS_BI\DS_BI.dtproj", "{B89B2527-5884-4578-BACB-030907D5C34D}"
EndProject
Global
	GlobalSection(SolutionConfigurationPlatforms) = preSolution
		Development|Default = Development|Default
	EndGlobalSection
	GlobalSection(ProjectConfigurationPlatforms) = postSolution
		{B89B2527-5884-4578-BACB-030907D5C34D}.Development|Default.ActiveCfg = Development
		{B89B2527-5884-4578-BACB-030907D5C34D}.Development|Default.Build.0 = Development
	EndGlobalSection
	GlobalSection(SolutionProperties) = preSolution
		HideSolutionNode = FALSE
	EndGlobalSection
	GlobalSection(ExtensibilityGlobals) = postSolution
		SolutionGuid = {0FEA1CC6-8544-4399-B77A-314713617C49}
	EndGlobalSection
EndGlobal
